{
  "name": "yama-bot",
  "version": "1.0.0",
  "lockfileVersion": 2,
  "requires": true,
  "packages": {
    "": {
      "name": "yama-bot",
      "version": "1.0.0",
      "dependencies": {
        "@whiskeysockets/baileys": "^6.7.2",
        "@hapi/boom": "^10.0.0",
        "pino": "^8.0.0"
      }
    }
  }
}

